
Microsoft Visual Studio Solution File, Format Version 12.00
# Visual Studio Version 17
VisualStudioVersion = 17.12.35506.116
MinimumVisualStudioVersion = 10.0.40219.1
Project("{8BC9CEB8-8B4A-11D0-8D11-00A0C91BC942}") = "ProcessPower", "ProcessPower.vcxproj", "{419B3F49-6F58-49C2-97ED-C3538BB34541}"
EndProject
Project("{8BC9CEB8-8B4A-11D0-8D11-00A0C91BC942}") = "Test", "..\Test\Test.vcxproj", "{0337120E-CFD2-45C4-AE50-AB0A8415FAA5}"
EndProject
Global
	GlobalSection(SolutionConfigurationPlatforms) = preSolution
		Debug|ARM64 = Debug|ARM64
		Debug|x64 = Debug|x64
		Release|ARM64 = Release|ARM64
		Release|x64 = Release|x64
	EndGlobalSection
	GlobalSection(ProjectConfigurationPlatforms) = postSolution
		{419B3F49-6F58-49C2-97ED-C3538BB34541}.Debug|ARM64.ActiveCfg = Debug|ARM64
		{419B3F49-6F58-49C2-97ED-C3538BB34541}.Debug|ARM64.Build.0 = Debug|ARM64
		{419B3F49-6F58-49C2-97ED-C3538BB34541}.Debug|ARM64.Deploy.0 = Debug|ARM64
		{419B3F49-6F58-49C2-97ED-C3538BB34541}.Debug|x64.ActiveCfg = Debug|x64
		{419B3F49-6F58-49C2-97ED-C3538BB34541}.Debug|x64.Build.0 = Debug|x64
		{419B3F49-6F58-49C2-97ED-C3538BB34541}.Debug|x64.Deploy.0 = Debug|x64
		{419B3F49-6F58-49C2-97ED-C3538BB34541}.Release|ARM64.ActiveCfg = Release|ARM64
		{419B3F49-6F58-49C2-97ED-C3538BB34541}.Release|ARM64.Build.0 = Release|ARM64
		{419B3F49-6F58-49C2-97ED-C3538BB34541}.Release|ARM64.Deploy.0 = Release|ARM64
		{419B3F49-6F58-49C2-97ED-C3538BB34541}.Release|x64.ActiveCfg = Release|x64
		{419B3F49-6F58-49C2-97ED-C3538BB34541}.Release|x64.Build.0 = Release|x64
		{419B3F49-6F58-49C2-97ED-C3538BB34541}.Release|x64.Deploy.0 = Release|x64
		{0337120E-CFD2-45C4-AE50-AB0A8415FAA5}.Debug|ARM64.ActiveCfg = Debug|x64
		{0337120E-CFD2-45C4-AE50-AB0A8415FAA5}.Debug|ARM64.Build.0 = Debug|x64
		{0337120E-CFD2-45C4-AE50-AB0A8415FAA5}.Debug|x64.ActiveCfg = Debug|x64
		{0337120E-CFD2-45C4-AE50-AB0A8415FAA5}.Debug|x64.Build.0 = Debug|x64
		{0337120E-CFD2-45C4-AE50-AB0A8415FAA5}.Release|ARM64.ActiveCfg = Release|x64
		{0337120E-CFD2-45C4-AE50-AB0A8415FAA5}.Release|ARM64.Build.0 = Release|x64
		{0337120E-CFD2-45C4-AE50-AB0A8415FAA5}.Release|x64.ActiveCfg = Release|x64
		{0337120E-CFD2-45C4-AE50-AB0A8415FAA5}.Release|x64.Build.0 = Release|x64
	EndGlobalSection
	GlobalSection(SolutionProperties) = preSolution
		HideSolutionNode = FALSE
	EndGlobalSection
EndGlobal
